PODS:
  - facebook_auth_desktop (0.0.3):
    - FlutterMacOS
  - FlutterMacOS (1.0.0)
  - sign_in_with_apple (0.0.1):
    - FlutterMacOS

DEPENDENCIES:
  - facebook_auth_desktop (from `Flutter/ephemeral/.symlinks/plugins/facebook_auth_desktop/macos`)
  - FlutterMacOS (from `Flutter/ephemeral`)
  - sign_in_with_apple (from `Flutter/ephemeral/.symlinks/plugins/sign_in_with_apple/macos`)

EXTERNAL SOURCES:
  facebook_auth_desktop:
    :path: Flutter/ephemeral/.symlinks/plugins/facebook_auth_desktop/macos
  FlutterMacOS:
    :path: Flutter/ephemeral
  sign_in_with_apple:
    :path: Flutter/ephemeral/.symlinks/plugins/sign_in_with_apple/macos

SPEC CHECKSUMS:
  facebook_auth_desktop: bf89ccf460c903de45e86fa0c7878b8b62db65fb
  FlutterMacOS: c232990155153907050900a2e175c7773903ba4e
  sign_in_with_apple: 6673c03c9e3643f6c8d33601943fbfa9ae99f94e

PODFILE CHECKSUM: 1e95c36afbfd1cb6423ceca4de7a8e1b256fb6ac

COCOAPODS: 1.16.2
